
Microsoft Visual Studio Solution File, Format Version 12.00
# Visual Studio Version 16
VisualStudioVersion = 16.0.32106.194
MinimumVisualStudioVersion = 10.0.40219.1
Project("{FAE04EC0-301F-11D3-BF4B-00C04F79EFBC}") = "PersonalizationList", "PersonalizationList\PersonalizationList.csproj", "{EB169C79-E975-45A0-8187-EAAF63BA1BD4}"
EndProject
Global
	GlobalSection(SolutionConfigurationPlatforms) = preSolution
		Debug|Any CPU = Debug|Any CPU
		Release|Any CPU = Release|Any CPU
	EndGlobalSection
	GlobalSection(ProjectConfigurationPlatforms) = postSolution
		{EB169C79-E975-45A0-8187-EAAF63BA1BD4}.Debug|Any CPU.ActiveCfg = Debug|Any CPU
		{EB169C79-E975-45A0-8187-EAAF63BA1BD4}.Debug|Any CPU.Build.0 = Debug|Any CPU
		{EB169C79-E975-45A0-8187-EAAF63BA1BD4}.Release|Any CPU.ActiveCfg = Release|Any CPU
		{EB169C79-E975-45A0-8187-EAAF63BA1BD4}.Release|Any CPU.Build.0 = Release|Any CPU
	EndGlobalSection
	GlobalSection(SolutionProperties) = preSolution
		HideSolutionNode = FALSE
	EndGlobalSection
	GlobalSection(ExtensibilityGlobals) = postSolution
		SolutionGuid = {203DB3A2-A76A-4E67-AA7D-2B80291021B2}
	EndGlobalSection
EndGlobal
